// !$*UTF8*$!
{
	archiveVersion = 1;
	classes = {
	};
	objectVersion = 46;
	objects = {

/* Begin PBXBuildFile section */
		AC30A3C91A60AD0E00E06480 /* main.m in Sources */ = {isa = PBXBuildFile; fileRef = AC30A3C81A60AD0E00E06480 /* main.m */; };
		AC30A3CC1A60AD0E00E06480 /* AppDelegate.m in Sources */ = {isa = PBXBuildFile; fileRef = AC30A3CB1A60AD0E00E06480 /* AppDelegate.m */; };
		AC30A3CF1A60AD0E00E06480 /* MasterViewController.m in Sources */ = {isa = PBXBuildFile; fileRef = AC30A3CE1A60AD0E00E06480 /* MasterViewController.m */; };
		AC30A3D21A60AD0E00E06480 /* DetailViewController.m in Sources */ = {isa = PBXBuildFile; fileRef = AC30A3D11A60AD0E00E06480 /* DetailViewController.m */; };
		AC30A3D51A60AD0E00E06480 /* Main.storyboard in Resources */ = {isa = PBXBuildFile; fileRef = AC30A3D31A60AD0E00E06480 /* Main.storyboard */; };
		AC30A3D71A60AD0E00E06480 /* Images.xcassets in Resources */ = {isa = PBXBuildFile; fileRef = AC30A3D61A60AD0E00E06480 /* Images.xcassets */; };
		AC30A3DA1A60AD0E00E06480 /* LaunchScreen.xib in Resources */ = {isa = PBXBuildFile; fileRef = AC30A3D81A60AD0E00E06480 /* LaunchScreen.xib */; };
		AC30A3E61A60AD0E00E06480 /* OnSpotReviewTests.m in Sources */ = {isa = PBXBuildFile; fileRef = AC30A3E51A60AD0E00E06480 /* OnSpotReviewTests.m */; };
		AC30A3F21A60AD5B00E06480 /* CoreBluetooth.framework in Frameworks */ = {isa = PBXBuildFile; fileRef = AC30A3EF1A60AD5B00E06480 /* CoreBluetooth.framework */; };
		AC30A3F31A60AD5B00E06480 /* CoreData.framework in Frameworks */ = {isa = PBXBuildFile; fileRef = AC30A3F01A60AD5B00E06480 /* CoreData.framework */; };
		AC30A3F41A60AD5B00E06480 /* CoreLocation.framework in Frameworks */ = {isa = PBXBuildFile; fileRef = AC30A3F11A60AD5B00E06480 /* CoreLocation.framework */; };
		AC30A3F61A60AD7200E06480 /* libz.dylib in Frameworks */ = {isa = PBXBuildFile; fileRef = AC30A3F51A60AD7200E06480 /* libz.dylib */; };
		AC30A3F81A60AD7A00E06480 /* MapKit.framework in Frameworks */ = {isa = PBXBuildFile; fileRef = AC30A3F71A60AD7A00E06480 /* MapKit.framework */; };
		AC30A3FA1A60AD8100E06480 /* Security.framework in Frameworks */ = {isa = PBXBuildFile; fileRef = AC30A3F91A60AD8100E06480 /* Security.framework */; };
		AC30A4211A60AFAF00E06480 /* ReviewIcon1.jpeg in Resources */ = {isa = PBXBuildFile; fileRef = AC30A4191A60AFAF00E06480 /* ReviewIcon1.jpeg */; };
		AC30A4221A60AFAF00E06480 /* ReviewIcon2.jpeg in Resources */ = {isa = PBXBuildFile; fileRef = AC30A41A1A60AFAF00E06480 /* ReviewIcon2.jpeg */; };
		AC30A4231A60AFAF00E06480 /* SwaramBig.jpg in Resources */ = {isa = PBXBuildFile; fileRef = AC30A41B1A60AFAF00E06480 /* SwaramBig.jpg */; };
		AC30A4241A60AFAF00E06480 /* SwaramGoldSpot.jpg in Resources */ = {isa = PBXBuildFile; fileRef = AC30A41C1A60AFAF00E06480 /* SwaramGoldSpot.jpg */; };
		AC30A4251A60AFAF00E06480 /* SwaramSmall.jpg in Resources */ = {isa = PBXBuildFile; fileRef = AC30A41D1A60AFAF00E06480 /* SwaramSmall.jpg */; };
		AC30A4261A60AFAF00E06480 /* TestIconTrans.jpg in Resources */ = {isa = PBXBuildFile; fileRef = AC30A41E1A60AFAF00E06480 /* TestIconTrans.jpg */; };
		AC30A4271A60AFAF00E06480 /* TestReviewBg.jpg in Resources */ = {isa = PBXBuildFile; fileRef = AC30A41F1A60AFAF00E06480 /* TestReviewBg.jpg */; };
		AC30A4281A60AFAF00E06480 /* TestReviewIcon.jpg in Resources */ = {isa = PBXBuildFile; fileRef = AC30A4201A60AFAF00E06480 /* TestReviewIcon.jpg */; };
		AC30A42B1A60B03500E06480 /* EventList.m in Sources */ = {isa = PBXBuildFile; fileRef = AC30A42A1A60B03500E06480 /* EventList.m */; };
		AC30A4391A60B2A000E06480 /* Common.framework in Frameworks */ = {isa = PBXBuildFile; fileRef = AC30A42D1A60B2A000E06480 /* Common.framework */; };
		AC30A43A1A60B2A000E06480 /* ContextCore.framework in Frameworks */ = {isa = PBXBuildFile; fileRef = AC30A42F1A60B2A000E06480 /* ContextCore.framework */; };
		AC30A43B1A60B2A000E06480 /* ContextLocation.framework in Frameworks */ = {isa = PBXBuildFile; fileRef = AC30A4311A60B2A000E06480 /* ContextLocation.framework */; };
		AC30A43C1A60B2A000E06480 /* DataModels.bundle in Resources */ = {isa = PBXBuildFile; fileRef = AC30A4331A60B2A000E06480 /* DataModels.bundle */; };
		AC30A43D1A60B2A000E06480 /* ContextProfiling.framework in Frameworks */ = {isa = PBXBuildFile; fileRef = AC30A4351A60B2A000E06480 /* ContextProfiling.framework */; };
		AC30A43E1A60B2A000E06480 /* FYX.framework in Frameworks */ = {isa = PBXBuildFile; fileRef = AC30A4361A60B2A000E06480 /* FYX.framework */; };
		AC30A43F1A60B2A000E06480 /* NetworkServices.framework in Frameworks */ = {isa = PBXBuildFile; fileRef = AC30A4381A60B2A000E06480 /* NetworkServices.framework */; };
		ACBF3ED01A612315000ED09E /* ReviewViewController.m in Sources */ = {isa = PBXBuildFile; fileRef = ACBF3ECF1A612315000ED09E /* ReviewViewController.m */; };
		ACBF3ED41A639A95000ED09E /* blur-wallpaper-10-2-s-307x512.jpg in Resources */ = {isa = PBXBuildFile; fileRef = ACBF3ED11A639A95000ED09E /* blur-wallpaper-10-2-s-307x512.jpg */; };
		ACBF3ED51A639A95000ED09E /* fog.jpg in Resources */ = {isa = PBXBuildFile; fileRef = ACBF3ED21A639A95000ED09E /* fog.jpg */; };
		ACBF3ED61A639A95000ED09E /* vAGZp.jpg in Resources */ = {isa = PBXBuildFile; fileRef = ACBF3ED31A639A95000ED09E /* vAGZp.jpg */; };
/* End PBXBuildFile section */

/* Begin PBXContainerItemProxy section */
		AC30A3E01A60AD0E00E06480 /* PBXContainerItemProxy */ = {
			isa = PBXContainerItemProxy;
			containerPortal = AC30A3BB1A60AD0E00E06480 /* Project object */;
			proxyType = 1;
			remoteGlobalIDString = AC30A3C21A60AD0E00E06480;
			remoteInfo = OnSpotReview;
		};
/* End PBXContainerItemProxy section */

/* Begin PBXFileReference section */
		AC30A3C31A60AD0E00E06480 /* OnSpotReview.app */ = {isa = PBXFileReference; explicitFileType = wrapper.application; includeInIndex = 0; path = OnSpotReview.app; sourceTree = BUILT_PRODUCTS_DIR; };
		AC30A3C71A60AD0E00E06480 /* Info.plist */ = {isa = PBXFileReference; lastKnownFileType = text.plist.xml; path = Info.plist; sourceTree = "<group>"; };
		AC30A3C81A60AD0E00E06480 /* main.m */ = {isa = PBXFileReference; lastKnownFileType = sourcecode.c.objc; path = main.m; sourceTree = "<group>"; };
		AC30A3CA1A60AD0E00E06480 /* AppDelegate.h */ = {isa = PBXFileReference; lastKnownFileType = sourcecode.c.h; path = AppDelegate.h; sourceTree = "<group>"; };
		AC30A3CB1A60AD0E00E06480 /* AppDelegate.m */ = {isa = PBXFileReference; lastKnownFileType = sourcecode.c.objc; path = AppDelegate.m; sourceTree = "<group>"; };
		AC30A3CD1A60AD0E00E06480 /* MasterViewController.h */ = {isa = PBXFileReference; lastKnownFileType = sourcecode.c.h; path = MasterViewController.h; sourceTree = "<group>"; };
		AC30A3CE1A60AD0E00E06480 /* MasterViewController.m */ = {isa = PBXFileReference; lastKnownFileType = sourcecode.c.objc; path = MasterViewController.m; sourceTree = "<group>"; };
		AC30A3D01A60AD0E00E06480 /* DetailViewController.h */ = {isa = PBXFileReference; lastKnownFileType = sourcecode.c.h; path = DetailViewController.h; sourceTree = "<group>"; };
		AC30A3D11A60AD0E00E06480 /* DetailViewController.m */ = {isa = PBXFileReference; lastKnownFileType = sourcecode.c.objc; path = DetailViewController.m; sourceTree = "<group>"; };
		AC30A3D41A60AD0E00E06480 /* Base */ = {isa = PBXFileReference; lastKnownFileType = file.storyboard; name = Base; path = Base.lproj/Main.storyboard; sourceTree = "<group>"; };
		AC30A3D61A60AD0E00E06480 /* Images.xcassets */ = {isa = PBXFileReference; lastKnownFileType = folder.assetcatalog; path = Images.xcassets; sourceTree = "<group>"; };
		AC30A3D91A60AD0E00E06480 /* Base */ = {isa = PBXFileReference; lastKnownFileType = file.xib; name = Base; path = Base.lproj/LaunchScreen.xib; sourceTree = "<group>"; };
		AC30A3DF1A60AD0E00E06480 /* OnSpotReviewTests.xctest */ = {isa = PBXFileReference; explicitFileType = wrapper.cfbundle; includeInIndex = 0; path = OnSpotReviewTests.xctest; sourceTree = BUILT_PRODUCTS_DIR; };
		AC30A3E41A60AD0E00E06480 /* Info.plist */ = {isa = PBXFileReference; lastKnownFileType = text.plist.xml; path = Info.plist; sourceTree = "<group>"; };
		AC30A3E51A60AD0E00E06480 /* OnSpotReviewTests.m */ = {isa = PBXFileReference; lastKnownFileType = sourcecode.c.objc; path = OnSpotReviewTests.m; sourceTree = "<group>"; };
		AC30A3EF1A60AD5B00E06480 /* CoreBluetooth.framework */ = {isa = PBXFileReference; lastKnownFileType = wrapper.framework; name = CoreBluetooth.framework; path = System/Library/Frameworks/CoreBluetooth.framework; sourceTree = SDKROOT; };
		AC30A3F01A60AD5B00E06480 /* CoreData.framework */ = {isa = PBXFileReference; lastKnownFileType = wrapper.framework; name = CoreData.framework; path = System/Library/Frameworks/CoreData.framework; sourceTree = SDKROOT; };
		AC30A3F11A60AD5B00E06480 /* CoreLocation.framework */ = {isa = PBXFileReference; lastKnownFileType = wrapper.framework; name = CoreLocation.framework; path = System/Library/Frameworks/CoreLocation.framework; sourceTree = SDKROOT; };
		AC30A3F51A60AD7200E06480 /* libz.dylib */ = {isa = PBXFileReference; lastKnownFileType = "compiled.mach-o.dylib"; name = libz.dylib; path = usr/lib/libz.dylib; sourceTree = SDKROOT; };
		AC30A3F71A60AD7A00E06480 /* MapKit.framework */ = {isa = PBXFileReference; lastKnownFileType = wrapper.framework; name = MapKit.framework; path = System/Library/Frameworks/MapKit.framework; sourceTree = SDKROOT; };
		AC30A3F91A60AD8100E06480 /* Security.framework */ = {isa = PBXFileReference; lastKnownFileType = wrapper.framework; name = Security.framework; path = System/Library/Frameworks/Security.framework; sourceTree = SDKROOT; };
		AC30A4191A60AFAF00E06480 /* ReviewIcon1.jpeg */ = {isa = PBXFileReference; lastKnownFileType = image.jpeg; path = ReviewIcon1.jpeg; sourceTree = "<group>"; };
		AC30A41A1A60AFAF00E06480 /* ReviewIcon2.jpeg */ = {isa = PBXFileReference; lastKnownFileType = image.jpeg; path = ReviewIcon2.jpeg; sourceTree = "<group>"; };
		AC30A41B1A60AFAF00E06480 /* SwaramBig.jpg */ = {isa = PBXFileReference; lastKnownFileType = image.jpeg; path = SwaramBig.jpg; sourceTree = "<group>"; };
		AC30A41C1A60AFAF00E06480 /* SwaramGoldSpot.jpg */ = {isa = PBXFileReference; lastKnownFileType = image.jpeg; path = SwaramGoldSpot.jpg; sourceTree = "<group>"; };
		AC30A41D1A60AFAF00E06480 /* SwaramSmall.jpg */ = {isa = PBXFileReference; lastKnownFileType = image.jpeg; path = SwaramSmall.jpg; sourceTree = "<group>"; };
		AC30A41E1A60AFAF00E06480 /* TestIconTrans.jpg */ = {isa = PBXFileReference; lastKnownFileType = image.jpeg; path = TestIconTrans.jpg; sourceTree = "<group>"; };
		AC30A41F1A60AFAF00E06480 /* TestReviewBg.jpg */ = {isa = PBXFileReference; lastKnownFileType = image.jpeg; path = TestReviewBg.jpg; sourceTree = "<group>"; };
		AC30A4201A60AFAF00E06480 /* TestReviewIcon.jpg */ = {isa = PBXFileReference; lastKnownFileType = image.jpeg; path = TestReviewIcon.jpg; sourceTree = "<group>"; };
		AC30A4291A60B03500E06480 /* EventList.h */ = {isa = PBXFileReference; fileEncoding = 4; lastKnownFileType = sourcecode.c.h; path = EventList.h; sourceTree = "<group>"; };
		AC30A42A1A60B03500E06480 /* EventList.m */ = {isa = PBXFileReference; fileEncoding = 4; lastKnownFileType = sourcecode.c.objc; path = EventList.m; sourceTree = "<group>"; };
		AC30A42D1A60B2A000E06480 /* Common.framework */ = {isa = PBXFileReference; lastKnownFileType = wrapper.framework; path = Common.framework; sourceTree = "<group>"; };
		AC30A42F1A60B2A000E06480 /* ContextCore.framework */ = {isa = PBXFileReference; lastKnownFileType = wrapper.framework; path = ContextCore.framework; sourceTree = "<group>"; };
		AC30A4311A60B2A000E06480 /* ContextLocation.framework */ = {isa = PBXFileReference; lastKnownFileType = wrapper.framework; path = ContextLocation.framework; sourceTree = "<group>"; };
		AC30A4331A60B2A000E06480 /* DataModels.bundle */ = {isa = PBXFileReference; lastKnownFileType = "wrapper.plug-in"; path = DataModels.bundle; sourceTree = "<group>"; };
		AC30A4351A60B2A000E06480 /* ContextProfiling.framework */ = {isa = PBXFileReference; lastKnownFileType = wrapper.framework; path = ContextProfiling.framework; sourceTree = "<group>"; };
		AC30A4361A60B2A000E06480 /* FYX.framework */ = {isa = PBXFileReference; lastKnownFileType = wrapper.framework; name = FYX.framework; path = OnSpotReview/FYX.framework; sourceTree = "<group>"; };
		AC30A4381A60B2A000E06480 /* NetworkServices.framework */ = {isa = PBXFileReference; lastKnownFileType = wrapper.framework; path = NetworkServices.framework; sourceTree = "<group>"; };
		ACBF3ECE1A612315000ED09E /* ReviewViewController.h */ = {isa = PBXFileReference; fileEncoding = 4; lastKnownFileType = sourcecode.c.h; path = ReviewViewController.h; sourceTree = "<group>"; };
		ACBF3ECF1A612315000ED09E /* ReviewViewController.m */ = {isa = PBXFileReference; fileEncoding = 4; lastKnownFileType = sourcecode.c.objc; path = ReviewViewController.m; sourceTree = "<group>"; };
		ACBF3ED11A639A95000ED09E /* blur-wallpaper-10-2-s-307x512.jpg */ = {isa = PBXFileReference; lastKnownFileType = image.jpeg; path = "blur-wallpaper-10-2-s-307x512.jpg"; sourceTree = "<group>"; };
		ACBF3ED21A639A95000ED09E /* fog.jpg */ = {isa = PBXFileReference; lastKnownFileType = image.jpeg; path = fog.jpg; sourceTree = "<group>"; };
		ACBF3ED31A639A95000ED09E /* vAGZp.jpg */ = {isa = PBXFileReference; lastKnownFileType = image.jpeg; path = vAGZp.jpg; sourceTree = "<group>"; };
/* End PBXFileReference section */

/* Begin PBXFrameworksBuildPhase section */
		AC30A3C01A60AD0E00E06480 /* Frameworks */ = {
			isa = PBXFrameworksBuildPhase;
			buildActionMask = 2147483647;
			files = (
				AC30A3FA1A60AD8100E06480 /* Security.framework in Frameworks */,
				AC30A3F81A60AD7A00E06480 /* MapKit.framework in Frameworks */,
				AC30A43E1A60B2A000E06480 /* FYX.framework in Frameworks */,
				AC30A3F61A60AD7200E06480 /* libz.dylib in Frameworks */,
				AC30A43D1A60B2A000E06480 /* ContextProfiling.framework in Frameworks */,
				AC30A3F21A60AD5B00E06480 /* CoreBluetooth.framework in Frameworks */,
				AC30A3F31A60AD5B00E06480 /* CoreData.framework in Frameworks */,
				AC30A43F1A60B2A000E06480 /* NetworkServices.framework in Frameworks */,
				AC30A4391A60B2A000E06480 /* Common.framework in Frameworks */,
				AC30A43B1A60B2A000E06480 /* ContextLocation.framework in Frameworks */,
				AC30A3F41A60AD5B00E06480 /* CoreLocation.framework in Frameworks */,
				AC30A43A1A60B2A000E06480 /* ContextCore.framework in Frameworks */,
			);
			runOnlyForDeploymentPostprocessing = 0;
		};
		AC30A3DC1A60AD0E00E06480 /* Frameworks */ = {
			isa = PBXFrameworksBuildPhase;
			buildActionMask = 2147483647;
			files = (
			);
			runOnlyForDeploymentPostprocessing = 0;
		};
/* End PBXFrameworksBuildPhase section */

/* Begin PBXGroup section */
		AC30A3BA1A60AD0E00E06480 = {
			isa = PBXGroup;
			children = (
				AC30A3C51A60AD0E00E06480 /* OnSpotReview */,
				AC30A3E21A60AD0E00E06480 /* OnSpotReviewTests */,
				AC30A3C41A60AD0E00E06480 /* Products */,
				ACBF3ED71A639D9C000ED09E /* Frameworks */,
			);
			sourceTree = "<group>";
		};
		AC30A3C41A60AD0E00E06480 /* Products */ = {
			isa = PBXGroup;
			children = (
				AC30A3C31A60AD0E00E06480 /* OnSpotReview.app */,
				AC30A3DF1A60AD0E00E06480 /* OnSpotReviewTests.xctest */,
			);
			name = Products;
			sourceTree = "<group>";
		};
		AC30A3C51A60AD0E00E06480 /* OnSpotReview */ = {
			isa = PBXGroup;
			children = (
				AC30A3CA1A60AD0E00E06480 /* AppDelegate.h */,
				AC30A3CB1A60AD0E00E06480 /* AppDelegate.m */,
				AC30A3CD1A60AD0E00E06480 /* MasterViewController.h */,
				AC30A3CE1A60AD0E00E06480 /* MasterViewController.m */,
				AC30A3D01A60AD0E00E06480 /* DetailViewController.h */,
				AC30A3D11A60AD0E00E06480 /* DetailViewController.m */,
				ACBF3ECE1A612315000ED09E /* ReviewViewController.h */,
				ACBF3ECF1A612315000ED09E /* ReviewViewController.m */,
				AC30A4291A60B03500E06480 /* EventList.h */,
				AC30A42A1A60B03500E06480 /* EventList.m */,
				AC30A3D31A60AD0E00E06480 /* Main.storyboard */,
				AC30A3D61A60AD0E00E06480 /* Images.xcassets */,
				AC30A3D81A60AD0E00E06480 /* LaunchScreen.xib */,
				AC30A3C61A60AD0E00E06480 /* Supporting Files */,
			);
			path = OnSpotReview;
			sourceTree = "<group>";
		};
		AC30A3C61A60AD0E00E06480 /* Supporting Files */ = {
			isa = PBXGroup;
			children = (
				AC30A4181A60AFAF00E06480 /* Images */,
				AC30A3C71A60AD0E00E06480 /* Info.plist */,
				AC30A3C81A60AD0E00E06480 /* main.m */,
			);
			name = "Supporting Files";
			sourceTree = "<group>";
		};
		AC30A3E21A60AD0E00E06480 /* OnSpotReviewTests */ = {
			isa = PBXGroup;
			children = (
				AC30A3E51A60AD0E00E06480 /* OnSpotReviewTests.m */,
				AC30A3E31A60AD0E00E06480 /* Supporting Files */,
			);
			path = OnSpotReviewTests;
			sourceTree = "<group>";
		};
		AC30A3E31A60AD0E00E06480 /* Supporting Files */ = {
			isa = PBXGroup;
			children = (
				AC30A3E41A60AD0E00E06480 /* Info.plist */,
			);
			name = "Supporting Files";
			sourceTree = "<group>";
		};
		AC30A4181A60AFAF00E06480 /* Images */ = {
			isa = PBXGroup;
			children = (
				ACBF3ED11A639A95000ED09E /* blur-wallpaper-10-2-s-307x512.jpg */,
				ACBF3ED21A639A95000ED09E /* fog.jpg */,
				ACBF3ED31A639A95000ED09E /* vAGZp.jpg */,
				AC30A4191A60AFAF00E06480 /* ReviewIcon1.jpeg */,
				AC30A41A1A60AFAF00E06480 /* ReviewIcon2.jpeg */,
				AC30A41B1A60AFAF00E06480 /* SwaramBig.jpg */,
				AC30A41C1A60AFAF00E06480 /* SwaramGoldSpot.jpg */,
				AC30A41D1A60AFAF00E06480 /* SwaramSmall.jpg */,
				AC30A41E1A60AFAF00E06480 /* TestIconTrans.jpg */,
				AC30A41F1A60AFAF00E06480 /* TestReviewBg.jpg */,
				AC30A4201A60AFAF00E06480 /* TestReviewIcon.jpg */,
			);
			path = Images;
			sourceTree = "<group>";
		};
		AC30A42C1A60B2A000E06480 /* Common.embeddedframework */ = {
			isa = PBXGroup;
			children = (
				AC30A42D1A60B2A000E06480 /* Common.framework */,
			);
			name = Common.embeddedframework;
			path = OnSpotReview/Common.embeddedframework;
			sourceTree = "<group>";
		};
		AC30A42E1A60B2A000E06480 /* ContextCore.embeddedframework */ = {
			isa = PBXGroup;
			children = (
				AC30A42F1A60B2A000E06480 /* ContextCore.framework */,
			);
			name = ContextCore.embeddedframework;
			path = OnSpotReview/ContextCore.embeddedframework;
			sourceTree = "<group>";
		};
		AC30A4301A60B2A000E06480 /* ContextLocation.embeddedframework */ = {
			isa = PBXGroup;
			children = (
				AC30A4311A60B2A000E06480 /* ContextLocation.framework */,
				AC30A4321A60B2A000E06480 /* Resources */,
			);
			name = ContextLocation.embeddedframework;
			path = OnSpotReview/ContextLocation.embeddedframework;
			sourceTree = "<group>";
		};
		AC30A4321A60B2A000E06480 /* Resources */ = {
			isa = PBXGroup;
			children = (
				AC30A4331A60B2A000E06480 /* DataModels.bundle */,
			);
			path = Resources;
			sourceTree = "<group>";
		};
		AC30A4341A60B2A000E06480 /* ContextProfiling.embeddedframework */ = {
			isa = PBXGroup;
			children = (
				AC30A4351A60B2A000E06480 /* ContextProfiling.framework */,
			);
			name = ContextProfiling.embeddedframework;
			path = OnSpotReview/ContextProfiling.embeddedframework;
			sourceTree = "<group>";
		};
		AC30A4371A60B2A000E06480 /* NetworkServices.embeddedframework */ = {
			isa = PBXGroup;
			children = (
				AC30A4381A60B2A000E06480 /* NetworkServices.framework */,
			);
			name = NetworkServices.embeddedframework;
			path = OnSpotReview/NetworkServices.embeddedframework;
			sourceTree = "<group>";
		};
		ACBF3ED71A639D9C000ED09E /* Frameworks */ = {
			isa = PBXGroup;
			children = (
				AC30A42C1A60B2A000E06480 /* Common.embeddedframework */,
				AC30A42E1A60B2A000E06480 /* ContextCore.embeddedframework */,
				AC30A4301A60B2A000E06480 /* ContextLocation.embeddedframework */,
				AC30A4341A60B2A000E06480 /* ContextProfiling.embeddedframework */,
				AC30A4361A60B2A000E06480 /* FYX.framework */,
				AC30A4371A60B2A000E06480 /* NetworkServices.embeddedframework */,
				AC30A3F91A60AD8100E06480 /* Security.framework */,
				AC30A3F71A60AD7A00E06480 /* MapKit.framework */,
				AC30A3F51A60AD7200E06480 /* libz.dylib */,
				AC30A3EF1A60AD5B00E06480 /* CoreBluetooth.framework */,
				AC30A3F01A60AD5B00E06480 /* CoreData.framework */,
				AC30A3F11A60AD5B00E06480 /* CoreLocation.framework */,
			);
			name = Frameworks;
			sourceTree = "<group>";
		};
/* End PBXGroup section */

/* Begin PBXNativeTarget section */
		AC30A3C21A60AD0E00E06480 /* OnSpotReview */ = {
			isa = PBXNativeTarget;
			buildConfigurationList = AC30A3E91A60AD0E00E06480 /* Build configuration list for PBXNativeTarget "OnSpotReview" */;
			buildPhases = (
				AC30A3BF1A60AD0E00E06480 /* Sources */,
				AC30A3C01A60AD0E00E06480 /* Frameworks */,
				AC30A3C11A60AD0E00E06480 /* Resources */,
			);
			buildRules = (
			);
			dependencies = (
			);
			name = OnSpotReview;
			productName = OnSpotReview;
			productReference = AC30A3C31A60AD0E00E06480 /* OnSpotReview.app */;
			productType = "com.apple.product-type.application";
		};
		AC30A3DE1A60AD0E00E06480 /* OnSpotReviewTests */ = {
			isa = PBXNativeTarget;
			buildConfigurationList = AC30A3EC1A60AD0E00E06480 /* Build configuration list for PBXNativeTarget "OnSpotReviewTests" */;
			buildPhases = (
				AC30A3DB1A60AD0E00E06480 /* Sources */,
				AC30A3DC1A60AD0E00E06480 /* Frameworks */,
				AC30A3DD1A60AD0E00E06480 /* Resources */,
			);
			buildRules = (
			);
			dependencies = (
				AC30A3E11A60AD0E00E06480 /* PBXTargetDependency */,
			);
			name = OnSpotReviewTests;
			productName = OnSpotReviewTests;
			productReference = AC30A3DF1A60AD0E00E06480 /* OnSpotReviewTests.xctest */;
			productType = "com.apple.product-type.bundle.unit-test";
		};
/* End PBXNativeTarget section */

/* Begin PBXProject section */
		AC30A3BB1A60AD0E00E06480 /* Project object */ = {
			isa = PBXProject;
			attributes = {
				LastUpgradeCheck = 0610;
				ORGANIZATIONNAME = appsnideas;
				TargetAttributes = {
					AC30A3C21A60AD0E00E06480 = {
						CreatedOnToolsVersion = 6.1.1;
					};
					AC30A3DE1A60AD0E00E06480 = {
						CreatedOnToolsVersion = 6.1.1;
						TestTargetID = AC30A3C21A60AD0E00E06480;
					};
				};
			};
			buildConfigurationList = AC30A3BE1A60AD0E00E06480 /* Build configuration list for PBXProject "OnSpotReview" */;
			compatibilityVersion = "Xcode 3.2";
			developmentRegion = English;
			hasScannedForEncodings = 0;
			knownRegions = (
				en,
				Base,
			);
			mainGroup = AC30A3BA1A60AD0E00E06480;
			productRefGroup = AC30A3C41A60AD0E00E06480 /* Products */;
			projectDirPath = "";
			projectRoot = "";
			targets = (
				AC30A3C21A60AD0E00E06480 /* OnSpotReview */,
				AC30A3DE1A60AD0E00E06480 /* OnSpotReviewTests */,
			);
		};
/* End PBXProject section */

/* Begin PBXResourcesBuildPhase section */
		AC30A3C11A60AD0E00E06480 /* Resources */ = {
			isa = PBXResourcesBuildPhase;
			buildActionMask = 2147483647;
			files = (
				AC30A4271A60AFAF00E06480 /* TestReviewBg.jpg in Resources */,
				AC30A4211A60AFAF00E06480 /* ReviewIcon1.jpeg in Resources */,
				ACBF3ED61A639A95000ED09E /* vAGZp.jpg in Resources */,
				AC30A4231A60AFAF00E06480 /* SwaramBig.jpg in Resources */,
				AC30A4251A60AFAF00E06480 /* SwaramSmall.jpg in Resources */,
				AC30A4221A60AFAF00E06480 /* ReviewIcon2.jpeg in Resources */,
				AC30A3D51A60AD0E00E06480 /* Main.storyboard in Resources */,
				ACBF3ED51A639A95000ED09E /* fog.jpg in Resources */,
				AC30A4261A60AFAF00E06480 /* TestIconTrans.jpg in Resources */,
				ACBF3ED41A639A95000ED09E /* blur-wallpaper-10-2-s-307x512.jpg in Resources */,
				AC30A4241A60AFAF00E06480 /* SwaramGoldSpot.jpg in Resources */,
				AC30A4281A60AFAF00E06480 /* TestReviewIcon.jpg in Resources */,
				AC30A3DA1A60AD0E00E06480 /* LaunchScreen.xib in Resources */,
				AC30A3D71A60AD0E00E06480 /* Images.xcassets in Resources */,
				AC30A43C1A60B2A000E06480 /* DataModels.bundle in Resources */,
			);
			runOnlyForDeploymentPostprocessing = 0;
		};
		AC30A3DD1A60AD0E00E06480 /* Resources */ = {
			isa = PBXResourcesBuildPhase;
			buildActionMask = 2147483647;
			files = (
			);
			runOnlyForDeploymentPostprocessing = 0;
		};
/* End PBXResourcesBuildPhase section */

/* Begin PBXSourcesBuildPhase section */
		AC30A3BF1A60AD0E00E06480 /* Sources */ = {
			isa = PBXSourcesBuildPhase;
			buildActionMask = 2147483647;
			files = (
				AC30A3CC1A60AD0E00E06480 /* AppDelegate.m in Sources */,
				AC30A42B1A60B03500E06480 /* EventList.m in Sources */,
				ACBF3ED01A612315000ED09E /* ReviewViewController.m in Sources */,
				AC30A3CF1A60AD0E00E06480 /* MasterViewController.m in Sources */,
				AC30A3C91A60AD0E00E06480 /* main.m in Sources */,
				AC30A3D21A60AD0E00E06480 /* DetailViewController.m in Sources */,
			);
			runOnlyForDeploymentPostprocessing = 0;
		};
		AC30A3DB1A60AD0E00E06480 /* Sources */ = {
			isa = PBXSourcesBuildPhase;
			buildActionMask = 2147483647;
			files = (
				AC30A3E61A60AD0E00E06480 /* OnSpotReviewTests.m in Sources */,
			);
			runOnlyForDeploymentPostprocessing = 0;
		};
/* End PBXSourcesBuildPhase section */

/* Begin PBXTargetDependency section */
		AC30A3E11A60AD0E00E06480 /* PBXTargetDependency */ = {
			isa = PBXTargetDependency;
			target = AC30A3C21A60AD0E00E06480 /* OnSpotReview */;
			targetProxy = AC30A3E01A60AD0E00E06480 /* PBXContainerItemProxy */;
		};
/* End PBXTargetDependency section */

/* Begin PBXVariantGroup section */
		AC30A3D31A60AD0E00E06480 /* Main.storyboard */ = {
			isa = PBXVariantGroup;
			children = (
				AC30A3D41A60AD0E00E06480 /* Base */,
			);
			name = Main.storyboard;
			sourceTree = "<group>";
		};
		AC30A3D81A60AD0E00E06480 /* LaunchScreen.xib */ = {
			isa = PBXVariantGroup;
			children = (
				AC30A3D91A60AD0E00E06480 /* Base */,
			);
			name = LaunchScreen.xib;
			sourceTree = "<group>";
		};
/* End PBXVariantGroup section */

/* Begin XCBuildConfiguration section */
		AC30A3E71A60AD0E00E06480 /* Debug */ = {
			isa = XCBuildConfiguration;
			buildSettings = {
				ALWAYS_SEARCH_USER_PATHS = NO;
				CLANG_CXX_LANGUAGE_STANDARD = "gnu++0x";
				CLANG_CXX_LIBRARY = "libc++";
				CLANG_ENABLE_MODULES = YES;
				CLANG_ENABLE_OBJC_ARC = YES;
				CLANG_WARN_BOOL_CONVERSION = YES;
				CLANG_WARN_CONSTANT_CONVERSION = YES;
				CLANG_WARN_DIRECT_OBJC_ISA_USAGE = YES_ERROR;
				CLANG_WARN_EMPTY_BODY = YES;
				CLANG_WARN_ENUM_CONVERSION = YES;
				CLANG_WARN_INT_CONVERSION = YES;
				CLANG_WARN_OBJC_ROOT_CLASS = YES_ERROR;
				CLANG_WARN_UNREACHABLE_CODE = YES;
				CLANG_WARN__DUPLICATE_METHOD_MATCH = YES;
				"CODE_SIGN_IDENTITY[sdk=iphoneos*]" = "iPhone Developer";
				COPY_PHASE_STRIP = NO;
				ENABLE_STRICT_OBJC_MSGSEND = YES;
				GCC_C_LANGUAGE_STANDARD = gnu99;
				GCC_DYNAMIC_NO_PIC = NO;
				GCC_OPTIMIZATION_LEVEL = 0;
				GCC_PREPROCESSOR_DEFINITIONS = (
					"DEBUG=1",
					"$(inherited)",
				);
				GCC_SYMBOLS_PRIVATE_EXTERN = NO;
				GCC_WARN_64_TO_32_BIT_CONVERSION = YES;
				GCC_WARN_ABOUT_RETURN_TYPE = YES_ERROR;
				GCC_WARN_UNDECLARED_SELECTOR = YES;
				GCC_WARN_UNINITIALIZED_AUTOS = YES_AGGRESSIVE;
				GCC_WARN_UNUSED_FUNCTION = YES;
				GCC_WARN_UNUSED_VARIABLE = YES;
				IPHONEOS_DEPLOYMENT_TARGET = 8.1;
				MTL_ENABLE_DEBUG_INFO = YES;
				ONLY_ACTIVE_ARCH = YES;
				SDKROOT = iphoneos;
			};
			name = Debug;
		};
		AC30A3E81A60AD0E00E06480 /* Release */ = {
			isa = XCBuildConfiguration;
			buildSettings = {
				ALWAYS_SEARCH_USER_PATHS = NO;
				CLANG_CXX_LANGUAGE_STANDARD = "gnu++0x";
				CLANG_CXX_LIBRARY = "libc++";
				CLANG_ENABLE_MODULES = YES;
				CLANG_ENABLE_OBJC_ARC = YES;
				CLANG_WARN_BOOL_CONVERSION = YES;
				CLANG_WARN_CONSTANT_CONVERSION = YES;
				CLANG_WARN_DIRECT_OBJC_ISA_USAGE = YES_ERROR;
				CLANG_WARN_EMPTY_BODY = YES;
				CLANG_WARN_ENUM_CONVERSION = YES;
				CLANG_WARN_INT_CONVERSION = YES;
				CLANG_WARN_OBJC_ROOT_CLASS = YES_ERROR;
				CLANG_WARN_UNREACHABLE_CODE = YES;
				CLANG_WARN__DUPLICATE_METHOD_MATCH = YES;
				"CODE_SIGN_IDENTITY[sdk=iphoneos*]" = "iPhone Developer";
				COPY_PHASE_STRIP = YES;
				ENABLE_NS_ASSERTIONS = NO;
				ENABLE_STRICT_OBJC_MSGSEND = YES;
				GCC_C_LANGUAGE_STANDARD = gnu99;
				GCC_WARN_64_TO_32_BIT_CONVERSION = YES;
				GCC_WARN_ABOUT_RETURN_TYPE = YES_ERROR;
				GCC_WARN_UNDECLARED_SELECTOR = YES;
				GCC_WARN_UNINITIALIZED_AUTOS = YES_AGGRESSIVE;
				GCC_WARN_UNUSED_FUNCTION = YES;
				GCC_WARN_UNUSED_VARIABLE = YES;
				IPHONEOS_DEPLOYMENT_TARGET = 8.1;
				MTL_ENABLE_DEBUG_INFO = NO;
				SDKROOT = iphoneos;
				VALIDATE_PRODUCT = YES;
			};
			name = Release;
		};
		AC30A3EA1A60AD0E00E06480 /* Debug */ = {
			isa = XCBuildConfiguration;
			buildSettings = {
				ASSETCATALOG_COMPILER_APPICON_NAME = AppIcon;
				FRAMEWORK_SEARCH_PATHS = (
					"$(inherited)",
					/Users/vamsi/Apps/gimbalsdk_1.32_ios/Frameworks/Common.embeddedframework,
					/Users/vamsi/Apps/gimbalsdk_1.32_ios/Frameworks/ContextCore.embeddedframework,
					/Users/vamsi/Apps/gimbalsdk_1.32_ios/Frameworks/ContextLocation.embeddedframework,
					/Users/vamsi/Apps/gimbalsdk_1.32_ios/Frameworks/ContextProfiling.embeddedframework,
					/Users/vamsi/Apps/gimbalsdk_1.32_ios/Frameworks,
					/Users/vamsi/Apps/gimbalsdk_1.32_ios/Frameworks/NetworkServices.embeddedframework,
					"$(PROJECT_DIR)/OnSpotReview/Common.embeddedframework",
					"$(PROJECT_DIR)/OnSpotReview/ContextCore.embeddedframework",
					"$(PROJECT_DIR)/OnSpotReview/ContextLocation.embeddedframework",
					"$(PROJECT_DIR)/OnSpotReview/ContextProfiling.embeddedframework",
					"$(PROJECT_DIR)/OnSpotReview",
					"$(PROJECT_DIR)/OnSpotReview/NetworkServices.embeddedframework",
				);
				INFOPLIST_FILE = OnSpotReview/Info.plist;
				LD_RUNPATH_SEARCH_PATHS = "$(inherited) @executable_path/Frameworks";
				PRODUCT_NAME = "$(TARGET_NAME)";
			};
			name = Debug;
		};
		AC30A3EB1A60AD0E00E06480 /* Release */ = {
			isa = XCBuildConfiguration;
			buildSettings = {
				ASSETCATALOG_COMPILER_APPICON_NAME = AppIcon;
				FRAMEWORK_SEARCH_PATHS = (
					"$(inherited)",
					/Users/vamsi/Apps/gimbalsdk_1.32_ios/Frameworks/Common.embeddedframework,
					/Users/vamsi/Apps/gimbalsdk_1.32_ios/Frameworks/ContextCore.embeddedframework,
					/Users/vamsi/Apps/gimbalsdk_1.32_ios/Frameworks/ContextLocation.embeddedframework,
					/Users/vamsi/Apps/gimbalsdk_1.32_ios/Frameworks/ContextProfiling.embeddedframework,
					/Users/vamsi/Apps/gimbalsdk_1.32_ios/Frameworks,
					/Users/vamsi/Apps/gimbalsdk_1.32_ios/Frameworks/NetworkServices.embeddedframework,
					"$(PROJECT_DIR)/OnSpotReview/Common.embeddedframework",
					"$(PROJECT_DIR)/OnSpotReview/ContextCore.embeddedframework",
					"$(PROJECT_DIR)/OnSpotReview/ContextLocation.embeddedframework",
					"$(PROJECT_DIR)/OnSpotReview/ContextProfiling.embeddedframework",
					"$(PROJECT_DIR)/OnSpotReview",
					"$(PROJECT_DIR)/OnSpotReview/NetworkServices.embeddedframework",
				);
				INFOPLIST_FILE = OnSpotReview/Info.plist;
				LD_RUNPATH_SEARCH_PATHS = "$(inherited) @executable_path/Frameworks";
				PRODUCT_NAME = "$(TARGET_NAME)";
			};
			name = Release;
		};
		AC30A3ED1A60AD0E00E06480 /* Debug */ = {
			isa = XCBuildConfiguration;
			buildSettings = {
				BUNDLE_LOADER = "$(TEST_HOST)";
				FRAMEWORK_SEARCH_PATHS = (
					"$(SDKROOT)/Developer/Library/Frameworks",
					"$(inherited)",
				);
				GCC_PREPROCESSOR_DEFINITIONS = (
					"DEBUG=1",
					"$(inherited)",
				);
				INFOPLIST_FILE = OnSpotReviewTests/Info.plist;
				LD_RUNPATH_SEARCH_PATHS = "$(inherited) @executable_path/Frameworks @loader_path/Frameworks";
				PRODUCT_NAME = "$(TARGET_NAME)";
				TEST_HOST = "$(BUILT_PRODUCTS_DIR)/OnSpotReview.app/OnSpotReview";
			};
			name = Debug;
		};
		AC30A3EE1A60AD0E00E06480 /* Release */ = {
			isa = XCBuildConfiguration;
			buildSettings = {
				BUNDLE_LOADER = "$(TEST_HOST)";
				FRAMEWORK_SEARCH_PATHS = (
					"$(SDKROOT)/Developer/Library/Frameworks",
					"$(inherited)",
				);
				INFOPLIST_FILE = OnSpotReviewTests/Info.plist;
				LD_RUNPATH_SEARCH_PATHS = "$(inherited) @executable_path/Frameworks @loader_path/Frameworks";
				PRODUCT_NAME = "$(TARGET_NAME)";
				TEST_HOST = "$(BUILT_PRODUCTS_DIR)/OnSpotReview.app/OnSpotReview";
			};
			name = Release;
		};
/* End XCBuildConfiguration section */

/* Begin XCConfigurationList section */
		AC30A3BE1A60AD0E00E06480 /* Build configuration list for PBXProject "OnSpotReview" */ = {
			isa = XCConfigurationList;
			buildConfigurations = (
				AC30A3E71A60AD0E00E06480 /* Debug */,
				AC30A3E81A60AD0E00E06480 /* Release */,
			);
			defaultConfigurationIsVisible = 0;
			defaultConfigurationName = Release;
		};
		AC30A3E91A60AD0E00E06480 /* Build configuration list for PBXNativeTarget "OnSpotReview" */ = {
			isa = XCConfigurationList;
			buildConfigurations = (
				AC30A3EA1A60AD0E00E06480 /* Debug */,
				AC30A3EB1A60AD0E00E06480 /* Release */,
			);
			defaultConfigurationIsVisible = 0;
			defaultConfigurationName = Release;
		};
		AC30A3EC1A60AD0E00E06480 /* Build configuration list for PBXNativeTarget "OnSpotReviewTests" */ = {
			isa = XCConfigurationList;
			buildConfigurations = (
				AC30A3ED1A60AD0E00E06480 /* Debug */,
				AC30A3EE1A60AD0E00E06480 /* Release */,
			);
			defaultConfigurationIsVisible = 0;
			defaultConfigurationName = Release;
		};
/* End XCConfigurationList section */
	};
	rootObject = AC30A3BB1A60AD0E00E06480 /* Project object */;
}
